
Microsoft Visual Studio Solution File, Format Version 12.00
# Visual Studio Version 17
VisualStudioVersion = 17.9.34728.123
MinimumVisualStudioVersion = 10.0.40219.1
Project("{9A19103F-16F7-4668-BE54-9A1E7A4F7556}") = "UserDomain", "UserDomain\UserDomain.csproj", "{68252C9D-7B31-484B-8C4F-959DCA9FA91F}"
EndProject
Project("{9A19103F-16F7-4668-BE54-9A1E7A4F7556}") = "ServerCommonModule", "ServerCommonModule\ServerCommonModule.csproj", "{67E9EE0C-5B74-474C-A57B-6DE1ACA04B3E}"
EndProject
Global
	GlobalSection(SolutionConfigurationPlatforms) = preSolution
		Debug|Any CPU = Debug|Any CPU
		Release|Any CPU = Release|Any CPU
	EndGlobalSection
	GlobalSection(ProjectConfigurationPlatforms) = postSolution
		{68252C9D-7B31-484B-8C4F-959DCA9FA91F}.Debug|Any CPU.ActiveCfg = Debug|Any CPU
		{68252C9D-7B31-484B-8C4F-959DCA9FA91F}.Debug|Any CPU.Build.0 = Debug|Any CPU
		{68252C9D-7B31-484B-8C4F-959DCA9FA91F}.Release|Any CPU.ActiveCfg = Release|Any CPU
		{68252C9D-7B31-484B-8C4F-959DCA9FA91F}.Release|Any CPU.Build.0 = Release|Any CPU
		{67E9EE0C-5B74-474C-A57B-6DE1ACA04B3E}.Debug|Any CPU.ActiveCfg = Debug|Any CPU
		{67E9EE0C-5B74-474C-A57B-6DE1ACA04B3E}.Debug|Any CPU.Build.0 = Debug|Any CPU
		{67E9EE0C-5B74-474C-A57B-6DE1ACA04B3E}.Release|Any CPU.ActiveCfg = Release|Any CPU
		{67E9EE0C-5B74-474C-A57B-6DE1ACA04B3E}.Release|Any CPU.Build.0 = Release|Any CPU
	EndGlobalSection
	GlobalSection(SolutionProperties) = preSolution
		HideSolutionNode = FALSE
	EndGlobalSection
	GlobalSection(ExtensibilityGlobals) = postSolution
		SolutionGuid = {7E07430B-F138-4779-A8AD-4240FD7D24C8}
	EndGlobalSection
EndGlobal
